
Microsoft Visual Studio Solution File, Format Version 12.00
# Visual Studio Version 17
VisualStudioVersion = 17.14.36511.14 d17.14
MinimumVisualStudioVersion = 10.0.40219.1
Project("{FAE04EC0-301F-11D3-BF4B-00C04F79EFBC}") = "neah", "neah\neah.csproj", "{586FE3D6-74A9-4E4E-AF3C-995471A296E6}"
EndProject
Global
	GlobalSection(SolutionConfigurationPlatforms) = preSolution
		Debug|Any CPU = Debug|Any CPU
		Release|Any CPU = Release|Any CPU
	EndGlobalSection
	GlobalSection(ProjectConfigurationPlatforms) = postSolution
		{586FE3D6-74A9-4E4E-AF3C-995471A296E6}.Debug|Any CPU.ActiveCfg = Debug|Any CPU
		{586FE3D6-74A9-4E4E-AF3C-995471A296E6}.Debug|Any CPU.Build.0 = Debug|Any CPU
		{586FE3D6-74A9-4E4E-AF3C-995471A296E6}.Release|Any CPU.ActiveCfg = Release|Any CPU
		{586FE3D6-74A9-4E4E-AF3C-995471A296E6}.Release|Any CPU.Build.0 = Release|Any CPU
	EndGlobalSection
	GlobalSection(SolutionProperties) = preSolution
		HideSolutionNode = FALSE
	EndGlobalSection
	GlobalSection(ExtensibilityGlobals) = postSolution
		SolutionGuid = {2CBA53BC-2F16-4B49-A8C1-06381B770041}
	EndGlobalSection
EndGlobal
